
Microsoft Visual Studio Solution File, Format Version 12.00
# Visual Studio Version 16
VisualStudioVersion = 16.0.30413.136
MinimumVisualStudioVersion = 10.0.40219.1
Project("{9A19103F-16F7-4668-BE54-9A1E7A4F7556}") = "StApp", "StApp\StApp.csproj", "{0C16D2E6-AC72-4AE7-82C5-C36DCA3DAB69}"
EndProject
Global
	GlobalSection(SolutionConfigurationPlatforms) = preSolution
		Debug|Any CPU = Debug|Any CPU
		Release|Any CPU = Release|Any CPU
	EndGlobalSection
	GlobalSection(ProjectConfigurationPlatforms) = postSolution
		{0C16D2E6-AC72-4AE7-82C5-C36DCA3DAB69}.Debug|Any CPU.ActiveCfg = Debug|Any CPU
		{0C16D2E6-AC72-4AE7-82C5-C36DCA3DAB69}.Debug|Any CPU.Build.0 = Debug|Any CPU
		{0C16D2E6-AC72-4AE7-82C5-C36DCA3DAB69}.Release|Any CPU.ActiveCfg = Release|Any CPU
		{0C16D2E6-AC72-4AE7-82C5-C36DCA3DAB69}.Release|Any CPU.Build.0 = Release|Any CPU
	EndGlobalSection
	GlobalSection(SolutionProperties) = preSolution
		HideSolutionNode = FALSE
	EndGlobalSection
	GlobalSection(ExtensibilityGlobals) = postSolution
		SolutionGuid = {056D788A-E49A-493C-A639-28AD6C39E1F6}
	EndGlobalSection
EndGlobal
